
Microsoft Visual Studio Solution File, Format Version 12.00
# Visual Studio 15
VisualStudioVersion = 15.0.28010.2019
MinimumVisualStudioVersion = 10.0.40219.1
Project("{FAE04EC0-301F-11D3-BF4B-00C04F79EFBC}") = "ProjectColumbus.Android", "ProjectColumbus\ProjectColumbus.Android\ProjectColumbus.Android.csproj", "{0673BC61-FF46-4C08-A202-CAE16420256B}"
EndProject
Project("{FAE04EC0-301F-11D3-BF4B-00C04F79EFBC}") = "ProjectColumbus.iOS", "ProjectColumbus\ProjectColumbus.iOS\ProjectColumbus.iOS.csproj", "{9CA4C9AE-8319-4725-B2E7-BABBB424F1A2}"
EndProject
Project("{FAE04EC0-301F-11D3-BF4B-00C04F79EFBC}") = "ProjectColumbus.UWP", "ProjectColumbus\ProjectColumbus.UWP\ProjectColumbus.UWP.csproj", "{3DCE3FD6-A80C-4E92-9508-9355264CED02}"
EndProject
Project("{FAE04EC0-301F-11D3-BF4B-00C04F79EFBC}") = "ProjectColumbus", "ProjectColumbus\ProjectColumbus\ProjectColumbus.csproj", "{F5B9D100-0D2B-48D7-839F-BC67C77F613B}"
EndProject
Global
	GlobalSection(SolutionConfigurationPlatforms) = preSolution
		Ad-Hoc|Any CPU = Ad-Hoc|Any CPU
		Ad-Hoc|ARM = Ad-Hoc|ARM
		Ad-Hoc|iPhone = Ad-Hoc|iPhone
		Ad-Hoc|iPhoneSimulator = Ad-Hoc|iPhoneSimulator
		Ad-Hoc|x64 = Ad-Hoc|x64
		Ad-Hoc|x86 = Ad-Hoc|x86
		AppStore|Any CPU = AppStore|Any CPU
		AppStore|ARM = AppStore|ARM
		AppStore|iPhone = AppStore|iPhone
		AppStore|iPhoneSimulator = AppStore|iPhoneSimulator
		AppStore|x64 = AppStore|x64
		AppStore|x86 = AppStore|x86
		Debug|Any CPU = Debug|Any CPU
		Debug|ARM = Debug|ARM
		Debug|iPhone = Debug|iPhone
		Debug|iPhoneSimulator = Debug|iPhoneSimulator
		Debug|x64 = Debug|x64
		Debug|x86 = Debug|x86
		Release|Any CPU = Release|Any CPU
		Release|ARM = Release|ARM
		Release|iPhone = Release|iPhone
		Release|iPhoneSimulator = Release|iPhoneSimulator
		Release|x64 = Release|x64
		Release|x86 = Release|x86
	EndGlobalSection
	GlobalSection(ProjectConfigurationPlatforms) = postSolution
		{0673BC61-FF46-4C08-A202-CAE16420256B}.Ad-Hoc|Any CPU.ActiveCfg = Release|Any CPU
		{0673BC61-FF46-4C08-A202-CAE16420256B}.Ad-Hoc|Any CPU.Build.0 = Release|Any CPU
		{0673BC61-FF46-4C08-A202-CAE16420256B}.Ad-Hoc|Any CPU.Deploy.0 = Release|Any CPU
		{0673BC61-FF46-4C08-A202-CAE16420256B}.Ad-Hoc|ARM.ActiveCfg = Release|Any CPU
		{0673BC61-FF46-4C08-A202-CAE16420256B}.Ad-Hoc|ARM.Build.0 = Release|Any CPU
		{0673BC61-FF46-4C08-A202-CAE16420256B}.Ad-Hoc|ARM.Deploy.0 = Release|Any CPU
		{0673BC61-FF46-4C08-A202-CAE16420256B}.Ad-Hoc|iPhone.ActiveCfg = Release|Any CPU
		{0673BC61-FF46-4C08-A202-CAE16420256B}.Ad-Hoc|iPhone.Build.0 = Release|Any CPU
		{0673BC61-FF46-4C08-A202-CAE16420256B}.Ad-Hoc|iPhone.Deploy.0 = Release|Any CPU
		{0673BC61-FF46-4C08-A202-CAE16420256B}.Ad-Hoc|iPhoneSimulator.ActiveCfg = Release|Any CPU
		{0673BC61-FF46-4C08-A202-CAE16420256B}.Ad-Hoc|iPhoneSimulator.Build.0 = Release|Any CPU
		{0673BC61-FF46-4C08-A202-CAE16420256B}.Ad-Hoc|iPhoneSimulator.Deploy.0 = Release|Any CPU
		{0673BC61-FF46-4C08-A202-CAE16420256B}.Ad-Hoc|x64.ActiveCfg = Release|Any CPU
		{0673BC61-FF46-4C08-A202-CAE16420256B}.Ad-Hoc|x64.Build.0 = Release|Any CPU
		{0673BC61-FF46-4C08-A202-CAE16420256B}.Ad-Hoc|x64.Deploy.0 = Release|Any CPU
		{0673BC61-FF46-4C08-A202-CAE16420256B}.Ad-Hoc|x86.ActiveCfg = Release|Any CPU
		{0673BC61-FF46-4C08-A202-CAE16420256B}.Ad-Hoc|x86.Build.0 = Release|Any CPU
		{0673BC61-FF46-4C08-A202-CAE16420256B}.Ad-Hoc|x86.Deploy.0 = Release|Any CPU
		{0673BC61-FF46-4C08-A202-CAE16420256B}.AppStore|Any CPU.ActiveCfg = Release|Any CPU
		{0673BC61-FF46-4C08-A202-CAE16420256B}.AppStore|Any CPU.Build.0 = Release|Any CPU
		{0673BC61-FF46-4C08-A202-CAE16420256B}.AppStore|Any CPU.Deploy.0 = Release|Any CPU
		{0673BC61-FF46-4C08-A202-CAE16420256B}.AppStore|ARM.ActiveCfg = Release|Any CPU
		{0673BC61-FF46-4C08-A202-CAE16420256B}.AppStore|ARM.Build.0 = Release|Any CPU
		{0673BC61-FF46-4C08-A202-CAE16420256B}.AppStore|ARM.Deploy.0 = Release|Any CPU
		{0673BC61-FF46-4C08-A202-CAE16420256B}.AppStore|iPhone.ActiveCfg = Release|Any CPU
		{0673BC61-FF46-4C08-A202-CAE16420256B}.AppStore|iPhone.Build.0 = Release|Any CPU
		{0673BC61-FF46-4C08-A202-CAE16420256B}.AppStore|iPhone.Deploy.0 = Release|Any CPU
		{0673BC61-FF46-4C08-A202-CAE16420256B}.AppStore|iPhoneSimulator.ActiveCfg = Release|Any CPU
		{0673BC61-FF46-4C08-A202-CAE16420256B}.AppStore|iPhoneSimulator.Build.0 = Release|Any CPU
		{0673BC61-FF46-4C08-A202-CAE16420256B}.AppStore|iPhoneSimulator.Deploy.0 = Release|Any CPU
		{0673BC61-FF46-4C08-A202-CAE16420256B}.AppStore|x64.ActiveCfg = Release|Any CPU
		{0673BC61-FF46-4C08-A202-CAE16420256B}.AppStore|x64.Build.0 = Release|Any CPU
		{0673BC61-FF46-4C08-A202-CAE16420256B}.AppStore|x64.Deploy.0 = Release|Any CPU
		{0673BC61-FF46-4C08-A202-CAE16420256B}.AppStore|x86.ActiveCfg = Release|Any CPU
		{0673BC61-FF46-4C08-A202-CAE16420256B}.AppStore|x86.Build.0 = Release|Any CPU
		{0673BC61-FF46-4C08-A202-CAE16420256B}.AppStore|x86.Deploy.0 = Release|Any CPU
		{0673BC61-FF46-4C08-A202-CAE16420256B}.Debug|Any CPU.ActiveCfg = Debug|Any CPU
		{0673BC61-FF46-4C08-A202-CAE16420256B}.Debug|Any CPU.Build.0 = Debug|Any CPU
		{0673BC61-FF46-4C08-A202-CAE16420256B}.Debug|Any CPU.Deploy.0 = Debug|Any CPU
		{0673BC61-FF46-4C08-A202-CAE16420256B}.Debug|ARM.ActiveCfg = Debug|Any CPU
		{0673BC61-FF46-4C08-A202-CAE16420256B}.Debug|ARM.Build.0 = Debug|Any CPU
		{0673BC61-FF46-4C08-A202-CAE16420256B}.Debug|ARM.Deploy.0 = Debug|Any CPU
		{0673BC61-FF46-4C08-A202-CAE16420256B}.Debug|iPhone.ActiveCfg = Debug|Any CPU
		{0673BC61-FF46-4C08-A202-CAE16420256B}.Debug|iPhone.Build.0 = Debug|Any CPU
		{0673BC61-FF46-4C08-A202-CAE16420256B}.Debug|iPhone.Deploy.0 = Debug|Any CPU
		{0673BC61-FF46-4C08-A202-CAE16420256B}.Debug|iPhoneSimulator.ActiveCfg = Debug|Any CPU
		{0673BC61-FF46-4C08-A202-CAE16420256B}.Debug|iPhoneSimulator.Build.0 = Debug|Any CPU
		{0673BC61-FF46-4C08-A202-CAE16420256B}.Debug|iPhoneSimulator.Deploy.0 = Debug|Any CPU
		{0673BC61-FF46-4C08-A202-CAE16420256B}.Debug|x64.ActiveCfg = Debug|Any CPU
		{0673BC61-FF46-4C08-A202-CAE16420256B}.Debug|x64.Build.0 = Debug|Any CPU
		{0673BC61-FF46-4C08-A202-CAE16420256B}.Debug|x64.Deploy.0 = Debug|Any CPU
		{0673BC61-FF46-4C08-A202-CAE16420256B}.Debug|x86.ActiveCfg = Debug|Any CPU
		{0673BC61-FF46-4C08-A202-CAE16420256B}.Debug|x86.Build.0 = Debug|Any CPU
		{0673BC61-FF46-4C08-A202-CAE16420256B}.Debug|x86.Deploy.0 = Debug|Any CPU
		{0673BC61-FF46-4C08-A202-CAE16420256B}.Release|Any CPU.ActiveCfg = Release|Any CPU
		{0673BC61-FF46-4C08-A202-CAE16420256B}.Release|Any CPU.Build.0 = Release|Any CPU
		{0673BC61-FF46-4C08-A202-CAE16420256B}.Release|Any CPU.Deploy.0 = Release|Any CPU
		{0673BC61-FF46-4C08-A202-CAE16420256B}.Release|ARM.ActiveCfg = Release|Any CPU
		{0673BC61-FF46-4C08-A202-CAE16420256B}.Release|ARM.Build.0 = Release|Any CPU
		{0673BC61-FF46-4C08-A202-CAE16420256B}.Release|ARM.Deploy.0 = Release|Any CPU
		{0673BC61-FF46-4C08-A202-CAE16420256B}.Release|iPhone.ActiveCfg = Release|Any CPU
		{0673BC61-FF46-4C08-A202-CAE16420256B}.Release|iPhone.Build.0 = Release|Any CPU
		{0673BC61-FF46-4C08-A202-CAE16420256B}.Release|iPhone.Deploy.0 = Release|Any CPU
		{0673BC61-FF46-4C08-A202-CAE16420256B}.Release|iPhoneSimulator.ActiveCfg = Release|Any CPU
		{0673BC61-FF46-4C08-A202-CAE16420256B}.Release|iPhoneSimulator.Build.0 = Release|Any CPU
		{0673BC61-FF46-4C08-A202-CAE16420256B}.Release|iPhoneSimulator.Deploy.0 = Release|Any CPU
		{0673BC61-FF46-4C08-A202-CAE16420256B}.Release|x64.ActiveCfg = Release|Any CPU
		{0673BC61-FF46-4C08-A202-CAE16420256B}.Release|x64.Build.0 = Release|Any CPU
		{0673BC61-FF46-4C08-A202-CAE16420256B}.Release|x64.Deploy.0 = Release|Any CPU
		{0673BC61-FF46-4C08-A202-CAE16420256B}.Release|x86.ActiveCfg = Release|Any CPU
		{0673BC61-FF46-4C08-A202-CAE16420256B}.Release|x86.Build.0 = Release|Any CPU
		{0673BC61-FF46-4C08-A202-CAE16420256B}.Release|x86.Deploy.0 = Release|Any CPU
		{9CA4C9AE-8319-4725-B2E7-BABBB424F1A2}.Ad-Hoc|Any CPU.ActiveCfg = Ad-Hoc|iPhone
		{9CA4C9AE-8319-4725-B2E7-BABBB424F1A2}.Ad-Hoc|Any CPU.Build.0 = Ad-Hoc|iPhone
		{9CA4C9AE-8319-4725-B2E7-BABBB424F1A2}.Ad-Hoc|Any CPU.Deploy.0 = Ad-Hoc|iPhone
		{9CA4C9AE-8319-4725-B2E7-BABBB424F1A2}.Ad-Hoc|ARM.ActiveCfg = Ad-Hoc|iPhone
		{9CA4C9AE-8319-4725-B2E7-BABBB424F1A2}.Ad-Hoc|ARM.Build.0 = Ad-Hoc|iPhone
		{9CA4C9AE-8319-4725-B2E7-BABBB424F1A2}.Ad-Hoc|ARM.Deploy.0 = Ad-Hoc|iPhone
		{9CA4C9AE-8319-4725-B2E7-BABBB424F1A2}.Ad-Hoc|iPhone.ActiveCfg = Ad-Hoc|iPhone
		{9CA4C9AE-8319-4725-B2E7-BABBB424F1A2}.Ad-Hoc|iPhone.Build.0 = Ad-Hoc|iPhone
		{9CA4C9AE-8319-4725-B2E7-BABBB424F1A2}.Ad-Hoc|iPhone.Deploy.0 = Ad-Hoc|iPhone
		{9CA4C9AE-8319-4725-B2E7-BABBB424F1A2}.Ad-Hoc|iPhoneSimulator.ActiveCfg = Ad-Hoc|iPhoneSimulator
		{9CA4C9AE-8319-4725-B2E7-BABBB424F1A2}.Ad-Hoc|iPhoneSimulator.Build.0 = Ad-Hoc|iPhoneSimulator
		{9CA4C9AE-8319-4725-B2E7-BABBB424F1A2}.Ad-Hoc|iPhoneSimulator.Deploy.0 = Ad-Hoc|iPhoneSimulator
		{9CA4C9AE-8319-4725-B2E7-BABBB424F1A2}.Ad-Hoc|x64.ActiveCfg = Ad-Hoc|iPhone
		{9CA4C9AE-8319-4725-B2E7-BABBB424F1A2}.Ad-Hoc|x64.Build.0 = Ad-Hoc|iPhone
		{9CA4C9AE-8319-4725-B2E7-BABBB424F1A2}.Ad-Hoc|x64.Deploy.0 = Ad-Hoc|iPhone
		{9CA4C9AE-8319-4725-B2E7-BABBB424F1A2}.Ad-Hoc|x86.ActiveCfg = Ad-Hoc|iPhone
		{9CA4C9AE-8319-4725-B2E7-BABBB424F1A2}.Ad-Hoc|x86.Build.0 = Ad-Hoc|iPhone
		{9CA4C9AE-8319-4725-B2E7-BABBB424F1A2}.Ad-Hoc|x86.Deploy.0 = Ad-Hoc|iPhone
		{9CA4C9AE-8319-4725-B2E7-BABBB424F1A2}.AppStore|Any CPU.ActiveCfg = AppStore|iPhone
		{9CA4C9AE-8319-4725-B2E7-BABBB424F1A2}.AppStore|Any CPU.Build.0 = AppStore|iPhone
		{9CA4C9AE-8319-4725-B2E7-BABBB424F1A2}.AppStore|Any CPU.Deploy.0 = AppStore|iPhone
		{9CA4C9AE-8319-4725-B2E7-BABBB424F1A2}.AppStore|ARM.ActiveCfg = AppStore|iPhone
		{9CA4C9AE-8319-4725-B2E7-BABBB424F1A2}.AppStore|ARM.Build.0 = AppStore|iPhone
		{9CA4C9AE-8319-4725-B2E7-BABBB424F1A2}.AppStore|ARM.Deploy.0 = AppStore|iPhone
		{9CA4C9AE-8319-4725-B2E7-BABBB424F1A2}.AppStore|iPhone.ActiveCfg = AppStore|iPhone
		{9CA4C9AE-8319-4725-B2E7-BABBB424F1A2}.AppStore|iPhone.Build.0 = AppStore|iPhone
		{9CA4C9AE-8319-4725-B2E7-BABBB424F1A2}.AppStore|iPhone.Deploy.0 = AppStore|iPhone
		{9CA4C9AE-8319-4725-B2E7-BABBB424F1A2}.AppStore|iPhoneSimulator.ActiveCfg = AppStore|iPhoneSimulator
		{9CA4C9AE-8319-4725-B2E7-BABBB424F1A2}.AppStore|iPhoneSimulator.Build.0 = AppStore|iPhoneSimulator
		{9CA4C9AE-8319-4725-B2E7-BABBB424F1A2}.AppStore|iPhoneSimulator.Deploy.0 = AppStore|iPhoneSimulator
		{9CA4C9AE-8319-4725-B2E7-BABBB424F1A2}.AppStore|x64.ActiveCfg = AppStore|iPhone
		{9CA4C9AE-8319-4725-B2E7-BABBB424F1A2}.AppStore|x64.Build.0 = AppStore|iPhone
		{9CA4C9AE-8319-4725-B2E7-BABBB424F1A2}.AppStore|x64.Deploy.0 = AppStore|iPhone
		{9CA4C9AE-8319-4725-B2E7-BABBB424F1A2}.AppStore|x86.ActiveCfg = AppStore|iPhone
		{9CA4C9AE-8319-4725-B2E7-BABBB424F1A2}.AppStore|x86.Build.0 = AppStore|iPhone
		{9CA4C9AE-8319-4725-B2E7-BABBB424F1A2}.AppStore|x86.Deploy.0 = AppStore|iPhone
		{9CA4C9AE-8319-4725-B2E7-BABBB424F1A2}.Debug|Any CPU.ActiveCfg = Debug|iPhoneSimulator
		{9CA4C9AE-8319-4725-B2E7-BABBB424F1A2}.Debug|Any CPU.Build.0 = Debug|iPhoneSimulator
		{9CA4C9AE-8319-4725-B2E7-BABBB424F1A2}.Debug|Any CPU.Deploy.0 = Debug|iPhoneSimulator
		{9CA4C9AE-8319-4725-B2E7-BABBB424F1A2}.Debug|ARM.ActiveCfg = Debug|iPhone
		{9CA4C9AE-8319-4725-B2E7-BABBB424F1A2}.Debug|ARM.Build.0 = Debug|iPhone
		{9CA4C9AE-8319-4725-B2E7-BABBB424F1A2}.Debug|ARM.Deploy.0 = Debug|iPhone
		{9CA4C9AE-8319-4725-B2E7-BABBB424F1A2}.Debug|iPhone.ActiveCfg = Debug|iPhone
		{9CA4C9AE-8319-4725-B2E7-BABBB424F1A2}.Debug|iPhone.Build.0 = Debug|iPhone
		{9CA4C9AE-8319-4725-B2E7-BABBB424F1A2}.Debug|iPhone.Deploy.0 = Debug|iPhone
		{9CA4C9AE-8319-4725-B2E7-BABBB424F1A2}.Debug|iPhoneSimulator.ActiveCfg = Debug|iPhoneSimulator
		{9CA4C9AE-8319-4725-B2E7-BABBB424F1A2}.Debug|iPhoneSimulator.Build.0 = Debug|iPhoneSimulator
		{9CA4C9AE-8319-4725-B2E7-BABBB424F1A2}.Debug|iPhoneSimulator.Deploy.0 = Debug|iPhoneSimulator
		{9CA4C9AE-8319-4725-B2E7-BABBB424F1A2}.Debug|x64.ActiveCfg = Debug|iPhone
		{9CA4C9AE-8319-4725-B2E7-BABBB424F1A2}.Debug|x64.Build.0 = Debug|iPhone
		{9CA4C9AE-8319-4725-B2E7-BABBB424F1A2}.Debug|x64.Deploy.0 = Debug|iPhone
		{9CA4C9AE-8319-4725-B2E7-BABBB424F1A2}.Debug|x86.ActiveCfg = Debug|iPhone
		{9CA4C9AE-8319-4725-B2E7-BABBB424F1A2}.Debug|x86.Build.0 = Debug|iPhone
		{9CA4C9AE-8319-4725-B2E7-BABBB424F1A2}.Debug|x86.Deploy.0 = Debug|iPhone
		{9CA4C9AE-8319-4725-B2E7-BABBB424F1A2}.Release|Any CPU.ActiveCfg = Release|iPhone
		{9CA4C9AE-8319-4725-B2E7-BABBB424F1A2}.Release|Any CPU.Build.0 = Release|iPhone
		{9CA4C9AE-8319-4725-B2E7-BABBB424F1A2}.Release|Any CPU.Deploy.0 = Release|iPhone
		{9CA4C9AE-8319-4725-B2E7-BABBB424F1A2}.Release|ARM.ActiveCfg = Release|iPhone
		{9CA4C9AE-8319-4725-B2E7-BABBB424F1A2}.Release|ARM.Build.0 = Release|iPhone
		{9CA4C9AE-8319-4725-B2E7-BABBB424F1A2}.Release|ARM.Deploy.0 = Release|iPhone
		{9CA4C9AE-8319-4725-B2E7-BABBB424F1A2}.Release|iPhone.ActiveCfg = Release|iPhone
		{9CA4C9AE-8319-4725-B2E7-BABBB424F1A2}.Release|iPhone.Build.0 = Release|iPhone
		{9CA4C9AE-8319-4725-B2E7-BABBB424F1A2}.Release|iPhone.Deploy.0 = Release|iPhone
		{9CA4C9AE-8319-4725-B2E7-BABBB424F1A2}.Release|iPhoneSimulator.ActiveCfg = Release|iPhoneSimulator
		{9CA4C9AE-8319-4725-B2E7-BABBB424F1A2}.Release|iPhoneSimulator.Build.0 = Release|iPhoneSimulator
		{9CA4C9AE-8319-4725-B2E7-BABBB424F1A2}.Release|iPhoneSimulator.Deploy.0 = Release|iPhoneSimulator
		{9CA4C9AE-8319-4725-B2E7-BABBB424F1A2}.Release|x64.ActiveCfg = Release|iPhone
		{9CA4C9AE-8319-4725-B2E7-BABBB424F1A2}.Release|x64.Build.0 = Release|iPhone
		{9CA4C9AE-8319-4725-B2E7-BABBB424F1A2}.Release|x64.Deploy.0 = Release|iPhone
		{9CA4C9AE-8319-4725-B2E7-BABBB424F1A2}.Release|x86.ActiveCfg = Release|iPhone
		{9CA4C9AE-8319-4725-B2E7-BABBB424F1A2}.Release|x86.Build.0 = Release|iPhone
		{9CA4C9AE-8319-4725-B2E7-BABBB424F1A2}.Release|x86.Deploy.0 = Release|iPhone
		{3DCE3FD6-A80C-4E92-9508-9355264CED02}.Ad-Hoc|Any CPU.ActiveCfg = Release|x86
		{3DCE3FD6-A80C-4E92-9508-9355264CED02}.Ad-Hoc|Any CPU.Build.0 = Release|x86
		{3DCE3FD6-A80C-4E92-9508-9355264CED02}.Ad-Hoc|Any CPU.Deploy.0 = Release|x86
		{3DCE3FD6-A80C-4E92-9508-9355264CED02}.Ad-Hoc|ARM.ActiveCfg = Release|ARM
		{3DCE3FD6-A80C-4E92-9508-9355264CED02}.Ad-Hoc|ARM.Build.0 = Release|ARM
		{3DCE3FD6-A80C-4E92-9508-9355264CED02}.Ad-Hoc|ARM.Deploy.0 = Release|ARM
		{3DCE3FD6-A80C-4E92-9508-9355264CED02}.Ad-Hoc|iPhone.ActiveCfg = Release|x86
		{3DCE3FD6-A80C-4E92-9508-9355264CED02}.Ad-Hoc|iPhone.Build.0 = Release|x86
		{3DCE3FD6-A80C-4E92-9508-9355264CED02}.Ad-Hoc|iPhone.Deploy.0 = Release|x86
		{3DCE3FD6-A80C-4E92-9508-9355264CED02}.Ad-Hoc|iPhoneSimulator.ActiveCfg = Release|x86
		{3DCE3FD6-A80C-4E92-9508-9355264CED02}.Ad-Hoc|iPhoneSimulator.Build.0 = Release|x86
		{3DCE3FD6-A80C-4E92-9508-9355264CED02}.Ad-Hoc|iPhoneSimulator.Deploy.0 = Release|x86
		{3DCE3FD6-A80C-4E92-9508-9355264CED02}.Ad-Hoc|x64.ActiveCfg = Release|x64
		{3DCE3FD6-A80C-4E92-9508-9355264CED02}.Ad-Hoc|x64.Build.0 = Release|x64
		{3DCE3FD6-A80C-4E92-9508-9355264CED02}.Ad-Hoc|x64.Deploy.0 = Release|x64
		{3DCE3FD6-A80C-4E92-9508-9355264CED02}.Ad-Hoc|x86.ActiveCfg = Release|x86
		{3DCE3FD6-A80C-4E92-9508-9355264CED02}.Ad-Hoc|x86.Build.0 = Release|x86
		{3DCE3FD6-A80C-4E92-9508-9355264CED02}.Ad-Hoc|x86.Deploy.0 = Release|x86
		{3DCE3FD6-A80C-4E92-9508-9355264CED02}.AppStore|Any CPU.ActiveCfg = Release|x86
		{3DCE3FD6-A80C-4E92-9508-9355264CED02}.AppStore|Any CPU.Build.0 = Release|x86
		{3DCE3FD6-A80C-4E92-9508-9355264CED02}.AppStore|Any CPU.Deploy.0 = Release|x86
		{3DCE3FD6-A80C-4E92-9508-9355264CED02}.AppStore|ARM.ActiveCfg = Release|ARM
		{3DCE3FD6-A80C-4E92-9508-9355264CED02}.AppStore|ARM.Build.0 = Release|ARM
		{3DCE3FD6-A80C-4E92-9508-9355264CED02}.AppStore|ARM.Deploy.0 = Release|ARM
		{3DCE3FD6-A80C-4E92-9508-9355264CED02}.AppStore|iPhone.ActiveCfg = Release|x86
		{3DCE3FD6-A80C-4E92-9508-9355264CED02}.AppStore|iPhone.Build.0 = Release|x86
		{3DCE3FD6-A80C-4E92-9508-9355264CED02}.AppStore|iPhone.Deploy.0 = Release|x86
		{3DCE3FD6-A80C-4E92-9508-9355264CED02}.AppStore|iPhoneSimulator.ActiveCfg = Release|x86
		{3DCE3FD6-A80C-4E92-9508-9355264CED02}.AppStore|iPhoneSimulator.Build.0 = Release|x86
		{3DCE3FD6-A80C-4E92-9508-9355264CED02}.AppStore|iPhoneSimulator.Deploy.0 = Release|x86
		{3DCE3FD6-A80C-4E92-9508-9355264CED02}.AppStore|x64.ActiveCfg = Release|x64
		{3DCE3FD6-A80C-4E92-9508-9355264CED02}.AppStore|x64.Build.0 = Release|x64
		{3DCE3FD6-A80C-4E92-9508-9355264CED02}.AppStore|x64.Deploy.0 = Release|x64
		{3DCE3FD6-A80C-4E92-9508-9355264CED02}.AppStore|x86.ActiveCfg = Release|x86
		{3DCE3FD6-A80C-4E92-9508-9355264CED02}.AppStore|x86.Build.0 = Release|x86
		{3DCE3FD6-A80C-4E92-9508-9355264CED02}.AppStore|x86.Deploy.0 = Release|x86
		{3DCE3FD6-A80C-4E92-9508-9355264CED02}.Debug|Any CPU.ActiveCfg = Debug|x86
		{3DCE3FD6-A80C-4E92-9508-9355264CED02}.Debug|Any CPU.Build.0 = Debug|x86
		{3DCE3FD6-A80C-4E92-9508-9355264CED02}.Debug|Any CPU.Deploy.0 = Debug|x86
		{3DCE3FD6-A80C-4E92-9508-9355264CED02}.Debug|ARM.ActiveCfg = Debug|ARM
		{3DCE3FD6-A80C-4E92-9508-9355264CED02}.Debug|ARM.Build.0 = Debug|ARM
		{3DCE3FD6-A80C-4E92-9508-9355264CED02}.Debug|ARM.Deploy.0 = Debug|ARM
		{3DCE3FD6-A80C-4E92-9508-9355264CED02}.Debug|iPhone.ActiveCfg = Debug|x86
		{3DCE3FD6-A80C-4E92-9508-9355264CED02}.Debug|iPhone.Build.0 = Debug|x86
		{3DCE3FD6-A80C-4E92-9508-9355264CED02}.Debug|iPhone.Deploy.0 = Debug|x86
		{3DCE3FD6-A80C-4E92-9508-9355264CED02}.Debug|iPhoneSimulator.ActiveCfg = Debug|x86
		{3DCE3FD6-A80C-4E92-9508-9355264CED02}.Debug|iPhoneSimulator.Build.0 = Debug|x86
		{3DCE3FD6-A80C-4E92-9508-9355264CED02}.Debug|iPhoneSimulator.Deploy.0 = Debug|x86
		{3DCE3FD6-A80C-4E92-9508-9355264CED02}.Debug|x64.ActiveCfg = Debug|x64
		{3DCE3FD6-A80C-4E92-9508-9355264CED02}.Debug|x64.Build.0 = Debug|x64
		{3DCE3FD6-A80C-4E92-9508-9355264CED02}.Debug|x64.Deploy.0 = Debug|x64
		{3DCE3FD6-A80C-4E92-9508-9355264CED02}.Debug|x86.ActiveCfg = Debug|x86
		{3DCE3FD6-A80C-4E92-9508-9355264CED02}.Debug|x86.Build.0 = Debug|x86
		{3DCE3FD6-A80C-4E92-9508-9355264CED02}.Debug|x86.Deploy.0 = Debug|x86
		{3DCE3FD6-A80C-4E92-9508-9355264CED02}.Release|Any CPU.ActiveCfg = Release|x86
		{3DCE3FD6-A80C-4E92-9508-9355264CED02}.Release|Any CPU.Build.0 = Release|x86
		{3DCE3FD6-A80C-4E92-9508-9355264CED02}.Release|Any CPU.Deploy.0 = Release|x86
		{3DCE3FD6-A80C-4E92-9508-9355264CED02}.Release|ARM.ActiveCfg = Release|ARM
		{3DCE3FD6-A80C-4E92-9508-9355264CED02}.Release|ARM.Build.0 = Release|ARM
		{3DCE3FD6-A80C-4E92-9508-9355264CED02}.Release|ARM.Deploy.0 = Release|ARM
		{3DCE3FD6-A80C-4E92-9508-9355264CED02}.Release|iPhone.ActiveCfg = Release|x86
		{3DCE3FD6-A80C-4E92-9508-9355264CED02}.Release|iPhone.Build.0 = Release|x86
		{3DCE3FD6-A80C-4E92-9508-9355264CED02}.Release|iPhone.Deploy.0 = Release|x86
		{3DCE3FD6-A80C-4E92-9508-9355264CED02}.Release|iPhoneSimulator.ActiveCfg = Release|x86
		{3DCE3FD6-A80C-4E92-9508-9355264CED02}.Release|iPhoneSimulator.Build.0 = Release|x86
		{3DCE3FD6-A80C-4E92-9508-9355264CED02}.Release|iPhoneSimulator.Deploy.0 = Release|x86
		{3DCE3FD6-A80C-4E92-9508-9355264CED02}.Release|x64.ActiveCfg = Release|x64
		{3DCE3FD6-A80C-4E92-9508-9355264CED02}.Release|x64.Build.0 = Release|x64
		{3DCE3FD6-A80C-4E92-9508-9355264CED02}.Release|x64.Deploy.0 = Release|x64
		{3DCE3FD6-A80C-4E92-9508-9355264CED02}.Release|x86.ActiveCfg = Release|x86
		{3DCE3FD6-A80C-4E92-9508-9355264CED02}.Release|x86.Build.0 = Release|x86
		{3DCE3FD6-A80C-4E92-9508-9355264CED02}.Release|x86.Deploy.0 = Release|x86
		{F5B9D100-0D2B-48D7-839F-BC67C77F613B}.Ad-Hoc|Any CPU.ActiveCfg = Debug|Any CPU
		{F5B9D100-0D2B-48D7-839F-BC67C77F613B}.Ad-Hoc|Any CPU.Build.0 = Debug|Any CPU
		{F5B9D100-0D2B-48D7-839F-BC67C77F613B}.Ad-Hoc|Any CPU.Deploy.0 = Debug|Any CPU
		{F5B9D100-0D2B-48D7-839F-BC67C77F613B}.Ad-Hoc|ARM.ActiveCfg = Debug|Any CPU
		{F5B9D100-0D2B-48D7-839F-BC67C77F613B}.Ad-Hoc|ARM.Build.0 = Debug|Any CPU
		{F5B9D100-0D2B-48D7-839F-BC67C77F613B}.Ad-Hoc|ARM.Deploy.0 = Debug|Any CPU
		{F5B9D100-0D2B-48D7-839F-BC67C77F613B}.Ad-Hoc|iPhone.ActiveCfg = Debug|Any CPU
		{F5B9D100-0D2B-48D7-839F-BC67C77F613B}.Ad-Hoc|iPhone.Build.0 = Debug|Any CPU
		{F5B9D100-0D2B-48D7-839F-BC67C77F613B}.Ad-Hoc|iPhone.Deploy.0 = Debug|Any CPU
		{F5B9D100-0D2B-48D7-839F-BC67C77F613B}.Ad-Hoc|iPhoneSimulator.ActiveCfg = Debug|Any CPU
		{F5B9D100-0D2B-48D7-839F-BC67C77F613B}.Ad-Hoc|iPhoneSimulator.Build.0 = Debug|Any CPU
		{F5B9D100-0D2B-48D7-839F-BC67C77F613B}.Ad-Hoc|iPhoneSimulator.Deploy.0 = Debug|Any CPU
		{F5B9D100-0D2B-48D7-839F-BC67C77F613B}.Ad-Hoc|x64.ActiveCfg = Debug|Any CPU
		{F5B9D100-0D2B-48D7-839F-BC67C77F613B}.Ad-Hoc|x64.Build.0 = Debug|Any CPU
		{F5B9D100-0D2B-48D7-839F-BC67C77F613B}.Ad-Hoc|x64.Deploy.0 = Debug|Any CPU
		{F5B9D100-0D2B-48D7-839F-BC67C77F613B}.Ad-Hoc|x86.ActiveCfg = Debug|Any CPU
		{F5B9D100-0D2B-48D7-839F-BC67C77F613B}.Ad-Hoc|x86.Build.0 = Debug|Any CPU
		{F5B9D100-0D2B-48D7-839F-BC67C77F613B}.Ad-Hoc|x86.Deploy.0 = Debug|Any CPU
		{F5B9D100-0D2B-48D7-839F-BC67C77F613B}.AppStore|Any CPU.ActiveCfg = Debug|Any CPU
		{F5B9D100-0D2B-48D7-839F-BC67C77F613B}.AppStore|Any CPU.Build.0 = Debug|Any CPU
		{F5B9D100-0D2B-48D7-839F-BC67C77F613B}.AppStore|Any CPU.Deploy.0 = Debug|Any CPU
		{F5B9D100-0D2B-48D7-839F-BC67C77F613B}.AppStore|ARM.ActiveCfg = Debug|Any CPU
		{F5B9D100-0D2B-48D7-839F-BC67C77F613B}.AppStore|ARM.Build.0 = Debug|Any CPU
		{F5B9D100-0D2B-48D7-839F-BC67C77F613B}.AppStore|ARM.Deploy.0 = Debug|Any CPU
		{F5B9D100-0D2B-48D7-839F-BC67C77F613B}.AppStore|iPhone.ActiveCfg = Debug|Any CPU
		{F5B9D100-0D2B-48D7-839F-BC67C77F613B}.AppStore|iPhone.Build.0 = Debug|Any CPU
		{F5B9D100-0D2B-48D7-839F-BC67C77F613B}.AppStore|iPhone.Deploy.0 = Debug|Any CPU
		{F5B9D100-0D2B-48D7-839F-BC67C77F613B}.AppStore|iPhoneSimulator.ActiveCfg = Debug|Any CPU
		{F5B9D100-0D2B-48D7-839F-BC67C77F613B}.AppStore|iPhoneSimulator.Build.0 = Debug|Any CPU
		{F5B9D100-0D2B-48D7-839F-BC67C77F613B}.AppStore|iPhoneSimulator.Deploy.0 = Debug|Any CPU
		{F5B9D100-0D2B-48D7-839F-BC67C77F613B}.AppStore|x64.ActiveCfg = Debug|Any CPU
		{F5B9D100-0D2B-48D7-839F-BC67C77F613B}.AppStore|x64.Build.0 = Debug|Any CPU
		{F5B9D100-0D2B-48D7-839F-BC67C77F613B}.AppStore|x64.Deploy.0 = Debug|Any CPU
		{F5B9D100-0D2B-48D7-839F-BC67C77F613B}.AppStore|x86.ActiveCfg = Debug|Any CPU
		{F5B9D100-0D2B-48D7-839F-BC67C77F613B}.AppStore|x86.Build.0 = Debug|Any CPU
		{F5B9D100-0D2B-48D7-839F-BC67C77F613B}.AppStore|x86.Deploy.0 = Debug|Any CPU
		{F5B9D100-0D2B-48D7-839F-BC67C77F613B}.Debug|Any CPU.ActiveCfg = Debug|Any CPU
		{F5B9D100-0D2B-48D7-839F-BC67C77F613B}.Debug|Any CPU.Build.0 = Debug|Any CPU
		{F5B9D100-0D2B-48D7-839F-BC67C77F613B}.Debug|Any CPU.Deploy.0 = Debug|Any CPU
		{F5B9D100-0D2B-48D7-839F-BC67C77F613B}.Debug|ARM.ActiveCfg = Debug|Any CPU
		{F5B9D100-0D2B-48D7-839F-BC67C77F613B}.Debug|ARM.Build.0 = Debug|Any CPU
		{F5B9D100-0D2B-48D7-839F-BC67C77F613B}.Debug|ARM.Deploy.0 = Debug|Any CPU
		{F5B9D100-0D2B-48D7-839F-BC67C77F613B}.Debug|iPhone.ActiveCfg = Debug|Any CPU
		{F5B9D100-0D2B-48D7-839F-BC67C77F613B}.Debug|iPhone.Build.0 = Debug|Any CPU
		{F5B9D100-0D2B-48D7-839F-BC67C77F613B}.Debug|iPhone.Deploy.0 = Debug|Any CPU
		{F5B9D100-0D2B-48D7-839F-BC67C77F613B}.Debug|iPhoneSimulator.ActiveCfg = Debug|Any CPU
		{F5B9D100-0D2B-48D7-839F-BC67C77F613B}.Debug|iPhoneSimulator.Build.0 = Debug|Any CPU
		{F5B9D100-0D2B-48D7-839F-BC67C77F613B}.Debug|iPhoneSimulator.Deploy.0 = Debug|Any CPU
		{F5B9D100-0D2B-48D7-839F-BC67C77F613B}.Debug|x64.ActiveCfg = Debug|Any CPU
		{F5B9D100-0D2B-48D7-839F-BC67C77F613B}.Debug|x64.Build.0 = Debug|Any CPU
		{F5B9D100-0D2B-48D7-839F-BC67C77F613B}.Debug|x64.Deploy.0 = Debug|Any CPU
		{F5B9D100-0D2B-48D7-839F-BC67C77F613B}.Debug|x86.ActiveCfg = Debug|Any CPU
		{F5B9D100-0D2B-48D7-839F-BC67C77F613B}.Debug|x86.Build.0 = Debug|Any CPU
		{F5B9D100-0D2B-48D7-839F-BC67C77F613B}.Debug|x86.Deploy.0 = Debug|Any CPU
		{F5B9D100-0D2B-48D7-839F-BC67C77F613B}.Release|Any CPU.ActiveCfg = Release|Any CPU
		{F5B9D100-0D2B-48D7-839F-BC67C77F613B}.Release|Any CPU.Build.0 = Release|Any CPU
		{F5B9D100-0D2B-48D7-839F-BC67C77F613B}.Release|Any CPU.Deploy.0 = Release|Any CPU
		{F5B9D100-0D2B-48D7-839F-BC67C77F613B}.Release|ARM.ActiveCfg = Release|Any CPU
		{F5B9D100-0D2B-48D7-839F-BC67C77F613B}.Release|ARM.Build.0 = Release|Any CPU
		{F5B9D100-0D2B-48D7-839F-BC67C77F613B}.Release|ARM.Deploy.0 = Release|Any CPU
		{F5B9D100-0D2B-48D7-839F-BC67C77F613B}.Release|iPhone.ActiveCfg = Release|Any CPU
		{F5B9D100-0D2B-48D7-839F-BC67C77F613B}.Release|iPhone.Build.0 = Release|Any CPU
		{F5B9D100-0D2B-48D7-839F-BC67C77F613B}.Release|iPhone.Deploy.0 = Release|Any CPU
		{F5B9D100-0D2B-48D7-839F-BC67C77F613B}.Release|iPhoneSimulator.ActiveCfg = Release|Any CPU
		{F5B9D100-0D2B-48D7-839F-BC67C77F613B}.Release|iPhoneSimulator.Build.0 = Release|Any CPU
		{F5B9D100-0D2B-48D7-839F-BC67C77F613B}.Release|iPhoneSimulator.Deploy.0 = Release|Any CPU
		{F5B9D100-0D2B-48D7-839F-BC67C77F613B}.Release|x64.ActiveCfg = Release|Any CPU
		{F5B9D100-0D2B-48D7-839F-BC67C77F613B}.Release|x64.Build.0 = Release|Any CPU
		{F5B9D100-0D2B-48D7-839F-BC67C77F613B}.Release|x64.Deploy.0 = Release|Any CPU
		{F5B9D100-0D2B-48D7-839F-BC67C77F613B}.Release|x86.ActiveCfg = Release|Any CPU
		{F5B9D100-0D2B-48D7-839F-BC67C77F613B}.Release|x86.Build.0 = Release|Any CPU
		{F5B9D100-0D2B-48D7-839F-BC67C77F613B}.Release|x86.Deploy.0 = Release|Any CPU
	EndGlobalSection
	GlobalSection(SolutionProperties) = preSolution
		HideSolutionNode = FALSE
	EndGlobalSection
	GlobalSection(ExtensibilityGlobals) = postSolution
		SolutionGuid = {56C9BC1A-18C9-438E-B5E4-6426D74F5B23}
	EndGlobalSection
EndGlobal
